// !$*UTF8*$!
{
	archiveVersion = 1;
	classes = {
	};
	objectVersion = 48;
	objects = {

/* Begin PBXBuildFile section */
		B156F7D21FB19ED200146007 /* AppDelegate.swift in Sources */ = {isa = PBXBuildFile; fileRef = B156F7D11FB19ED200146007 /* AppDelegate.swift */; };
		B156F7D41FB19ED200146007 /* ViewController.swift in Sources */ = {isa = PBXBuildFile; fileRef = B156F7D31FB19ED200146007 /* ViewController.swift */; };
		B156F7D71FB19ED200146007 /* Main.storyboard in Resources */ = {isa = PBXBuildFile; fileRef = B156F7D51FB19ED200146007 /* Main.storyboard */; };
		B156F7DA1FB19ED300146007 /* FunWithCoreData.xcdatamodeld in Sources */ = {isa = PBXBuildFile; fileRef = B156F7D81FB19ED300146007 /* FunWithCoreData.xcdatamodeld */; };
		B156F7DC1FB19ED300146007 /* Assets.xcassets in Resources */ = {isa = PBXBuildFile; fileRef = B156F7DB1FB19ED300146007 /* Assets.xcassets */; };
		B156F7DF1FB19ED300146007 /* LaunchScreen.storyboard in Resources */ = {isa = PBXBuildFile; fileRef = B156F7DD1FB19ED300146007 /* LaunchScreen.storyboard */; };
/* End PBXBuildFile section */

/* Begin PBXFileReference section */
		B156F7CE1FB19ED200146007 /* FunWithCoreData.app */ = {isa = PBXFileReference; explicitFileType = wrapper.application; includeInIndex = 0; path = FunWithCoreData.app; sourceTree = BUILT_PRODUCTS_DIR; };
		B156F7D11FB19ED200146007 /* AppDelegate.swift */ = {isa = PBXFileReference; lastKnownFileType = sourcecode.swift; path = AppDelegate.swift; sourceTree = "<group>"; };
		B156F7D31FB19ED200146007 /* ViewController.swift */ = {isa = PBXFileReference; lastKnownFileType = sourcecode.swift; path = ViewController.swift; sourceTree = "<group>"; };
		B156F7D61FB19ED200146007 /* Base */ = {isa = PBXFileReference; lastKnownFileType = file.storyboard; name = Base; path = Base.lproj/Main.storyboard; sourceTree = "<group>"; };
		B156F7D91FB19ED300146007 /* FunWithCoreData.xcdatamodel */ = {isa = PBXFileReference; lastKnownFileType = wrapper.xcdatamodel; path = FunWithCoreData.xcdatamodel; sourceTree = "<group>"; };
		B156F7DB1FB19ED300146007 /* Assets.xcassets */ = {isa = PBXFileReference; lastKnownFileType = folder.assetcatalog; path = Assets.xcassets; sourceTree = "<group>"; };
		B156F7DE1FB19ED300146007 /* Base */ = {isa = PBXFileReference; lastKnownFileType = file.storyboard; name = Base; path = Base.lproj/LaunchScreen.storyboard; sourceTree = "<group>"; };
		B156F7E01FB19ED300146007 /* Info.plist */ = {isa = PBXFileReference; lastKnownFileType = text.plist.xml; path = Info.plist; sourceTree = "<group>"; };
/* End PBXFileReference section */

/* Begin PBXFrameworksBuildPhase section */
		B156F7CB1FB19ED200146007 /* Frameworks */ = {
			isa = PBXFrameworksBuildPhase;
			buildActionMask = 2147483647;
			files = (
			);
			runOnlyForDeploymentPostprocessing = 0;
		};
/* End PBXFrameworksBuildPhase section */

/* Begin PBXGroup section */
		B156F7C51FB19ED200146007 = {
			isa = PBXGroup;
			children = (
				B156F7D01FB19ED200146007 /* FunWithCoreData */,
				B156F7CF1FB19ED200146007 /* Products */,
			);
			sourceTree = "<group>";
		};
		B156F7CF1FB19ED200146007 /* Products */ = {
			isa = PBXGroup;
			children = (
				B156F7CE1FB19ED200146007 /* FunWithCoreData.app */,
			);
			name = Products;
			sourceTree = "<group>";
		};
		B156F7D01FB19ED200146007 /* FunWithCoreData */ = {
			isa = PBXGroup;
			children = (
				B156F7D11FB19ED200146007 /* AppDelegate.swift */,
				B156F7D31FB19ED200146007 /* ViewController.swift */,
				B156F7D51FB19ED200146007 /* Main.storyboard */,
				B156F7DB1FB19ED300146007 /* Assets.xcassets */,
				B156F7DD1FB19ED300146007 /* LaunchScreen.storyboard */,
				B156F7E01FB19ED300146007 /* Info.plist */,
				B156F7D81FB19ED300146007 /* FunWithCoreData.xcdatamodeld */,
			);
			path = FunWithCoreData;
			sourceTree = "<group>";
		};
/* End PBXGroup section */

/* Begin PBXNativeTarget section */
		B156F7CD1FB19ED200146007 /* FunWithCoreData */ = {
			isa = PBXNativeTarget;
			buildConfigurationList = B156F7E31FB19ED300146007 /* Build configuration list for PBXNativeTarget "FunWithCoreData" */;
			buildPhases = (
				B156F7CA1FB19ED200146007 /* Sources */,
				B156F7CB1FB19ED200146007 /* Frameworks */,
				B156F7CC1FB19ED200146007 /* Resources */,
			);
			buildRules = (
			);
			dependencies = (
			);
			name = FunWithCoreData;
			productName = FunWithCoreData;
			productReference = B156F7CE1FB19ED200146007 /* FunWithCoreData.app */;
			productType = "com.apple.product-type.application";
		};
/* End PBXNativeTarget section */

/* Begin PBXProject section */
		B156F7C61FB19ED200146007 /* Project object */ = {
			isa = PBXProject;
			attributes = {
				LastSwiftUpdateCheck = 0910;
				LastUpgradeCheck = 0910;
				ORGANIZATIONNAME = "Miklos Kekkoi";
				TargetAttributes = {
					B156F7CD1FB19ED200146007 = {
						CreatedOnToolsVersion = 9.1;
						ProvisioningStyle = Automatic;
					};
				};
			};
			buildConfigurationList = B156F7C91FB19ED200146007 /* Build configuration list for PBXProject "FunWithCoreData" */;
			compatibilityVersion = "Xcode 8.0";
			developmentRegion = en;
			hasScannedForEncodings = 0;
			knownRegions = (
				en,
				Base,
			);
			mainGroup = B156F7C51FB19ED200146007;
			productRefGroup = B156F7CF1FB19ED200146007 /* Products */;
			projectDirPath = "";
			projectRoot = "";
			targets = (
				B156F7CD1FB19ED200146007 /* FunWithCoreData */,
			);
		};
/* End PBXProject section */

/* Begin PBXResourcesBuildPhase section */
		B156F7CC1FB19ED200146007 /* Resources */ = {
			isa = PBXResourcesBuildPhase;
			buildActionMask = 2147483647;
			files = (
				B156F7DF1FB19ED300146007 /* LaunchScreen.storyboard in Resources */,
				B156F7DC1FB19ED300146007 /* Assets.xcassets in Resources */,
				B156F7D71FB19ED200146007 /* Main.storyboard in Resources */,
			);
			runOnlyForDeploymentPostprocessing = 0;
		};
/* End PBXResourcesBuildPhase section */

/* Begin PBXSourcesBuildPhase section */
		B156F7CA1FB19ED200146007 /* Sources */ = {
			isa = PBXSourcesBuildPhase;
			buildActionMask = 2147483647;
			files = (
				B156F7DA1FB19ED300146007 /* FunWithCoreData.xcdatamodeld in Sources */,
				B156F7D41FB19ED200146007 /* ViewController.swift in Sources */,
				B156F7D21FB19ED200146007 /* AppDelegate.swift in Sources */,
			);
			runOnlyForDeploymentPostprocessing = 0;
		};
/* End PBXSourcesBuildPhase section */

/* Begin PBXVariantGroup section */
		B156F7D51FB19ED200146007 /* Main.storyboard */ = {
			isa = PBXVariantGroup;
			children = (
				B156F7D61FB19ED200146007 /* Base */,
			);
			name = Main.storyboard;
			sourceTree = "<group>";
		};
		B156F7DD1FB19ED300146007 /* LaunchScreen.storyboard */ = {
			isa = PBXVariantGroup;
			children = (
				B156F7DE1FB19ED300146007 /* Base */,
			);
			name = LaunchScreen.storyboard;
			sourceTree = "<group>";
		};
/* End PBXVariantGroup section */

/* Begin XCBuildConfiguration section */
		B156F7E11FB19ED300146007 /* Debug */ = {
			isa = XCBuildConfiguration;
			buildSettings = {
				ALWAYS_SEARCH_USER_PATHS = NO;
				CLANG_ANALYZER_NONNULL = YES;
				CLANG_ANALYZER_NUMBER_OBJECT_CONVERSION = YES_AGGRESSIVE;
				CLANG_CXX_LANGUAGE_STANDARD = "gnu++14";
				CLANG_CXX_LIBRARY = "libc++";
				CLANG_ENABLE_MODULES = YES;
				CLANG_ENABLE_OBJC_ARC = YES;
				CLANG_WARN_BLOCK_CAPTURE_AUTORELEASING = YES;
				CLANG_WARN_BOOL_CONVERSION = YES;
				CLANG_WARN_COMMA = YES;
				CLANG_WARN_CONSTANT_CONVERSION = YES;
				CLANG_WARN_DIRECT_OBJC_ISA_USAGE = YES_ERROR;
				CLANG_WARN_DOCUMENTATION_COMMENTS = YES;
				CLANG_WARN_EMPTY_BODY = YES;
				CLANG_WARN_ENUM_CONVERSION = YES;
				CLANG_WARN_INFINITE_RECURSION = YES;
				CLANG_WARN_INT_CONVERSION = YES;
				CLANG_WARN_NON_LITERAL_NULL_CONVERSION = YES;
				CLANG_WARN_OBJC_LITERAL_CONVERSION = YES;
				CLANG_WARN_OBJC_ROOT_CLASS = YES_ERROR;
				CLANG_WARN_RANGE_LOOP_ANALYSIS = YES;
				CLANG_WARN_STRICT_PROTOTYPES = YES;
				CLANG_WARN_SUSPICIOUS_MOVE = YES;
				CLANG_WARN_UNGUARDED_AVAILABILITY = YES_AGGRESSIVE;
				CLANG_WARN_UNREACHABLE_CODE = YES;
				CLANG_WARN__DUPLICATE_METHOD_MATCH = YES;
				CODE_SIGN_IDENTITY = "iPhone Developer";
				COPY_PHASE_STRIP = NO;
				DEBUG_INFORMATION_FORMAT = dwarf;
				ENABLE_STRICT_OBJC_MSGSEND = YES;
				ENABLE_TESTABILITY = YES;
				GCC_C_LANGUAGE_STANDARD = gnu11;
				GCC_DYNAMIC_NO_PIC = NO;
				GCC_NO_COMMON_BLOCKS = YES;
				GCC_OPTIMIZATION_LEVEL = 0;
				GCC_PREPROCESSOR_DEFINITIONS = (
					"DEBUG=1",
					"$(inherited)",
				);
				GCC_WARN_64_TO_32_BIT_CONVERSION = YES;
				GCC_WARN_ABOUT_RETURN_TYPE = YES_ERROR;
				GCC_WARN_UNDECLARED_SELECTOR = YES;
				GCC_WARN_UNINITIALIZED_AUTOS = YES_AGGRESSIVE;
				GCC_WARN_UNUSED_FUNCTION = YES;
				GCC_WARN_UNUSED_VARIABLE = YES;
				IPHONEOS_DEPLOYMENT_TARGET = 11.1;
				MTL_ENABLE_DEBUG_INFO = YES;
				ONLY_ACTIVE_ARCH = YES;
				SDKROOT = iphoneos;
				SWIFT_ACTIVE_COMPILATION_CONDITIONS = DEBUG;
				SWIFT_OPTIMIZATION_LEVEL = "-Onone";
			};
			name = Debug;
		};
		B156F7E21FB19ED300146007 /* Release */ = {
			isa = XCBuildConfiguration;
			buildSettings = {
				ALWAYS_SEARCH_USER_PATHS = NO;
				CLANG_ANALYZER_NONNULL = YES;
				CLANG_ANALYZER_NUMBER_OBJECT_CONVERSION = YES_AGGRESSIVE;
				CLANG_CXX_LANGUAGE_STANDARD = "gnu++14";
				CLANG_CXX_LIBRARY = "libc++";
				CLANG_ENABLE_MODULES = YES;
				CLANG_ENABLE_OBJC_ARC = YES;
				CLANG_WARN_BLOCK_CAPTURE_AUTORELEASING = YES;
				CLANG_WARN_BOOL_CONVERSION = YES;
				CLANG_WARN_COMMA = YES;
				CLANG_WARN_CONSTANT_CONVERSION = YES;
				CLANG_WARN_DIRECT_OBJC_ISA_USAGE = YES_ERROR;
				CLANG_WARN_DOCUMENTATION_COMMENTS = YES;
				CLANG_WARN_EMPTY_BODY = YES;
				CLANG_WARN_ENUM_CONVERSION = YES;
				CLANG_WARN_INFINITE_RECURSION = YES;
				CLANG_WARN_INT_CONVERSION = YES;
				CLANG_WARN_NON_LITERAL_NULL_CONVERSION = YES;
				CLANG_WARN_OBJC_LITERAL_CONVERSION = YES;
				CLANG_WARN_OBJC_ROOT_CLASS = YES_ERROR;
				CLANG_WARN_RANGE_LOOP_ANALYSIS = YES;
				CLANG_WARN_STRICT_PROTOTYPES = YES;
				CLANG_WARN_SUSPICIOUS_MOVE = YES;
				CLANG_WARN_UNGUARDED_AVAILABILITY = YES_AGGRESSIVE;
				CLANG_WARN_UNREACHABLE_CODE = YES;
				CLANG_WARN__DUPLICATE_METHOD_MATCH = YES;
				CODE_SIGN_IDENTITY = "iPhone Developer";
				COPY_PHASE_STRIP = NO;
				DEBUG_INFORMATION_FORMAT = "dwarf-with-dsym";
				ENABLE_NS_ASSERTIONS = NO;
				ENABLE_STRICT_OBJC_MSGSEND = YES;
				GCC_C_LANGUAGE_STANDARD = gnu11;
				GCC_NO_COMMON_BLOCKS = YES;
				GCC_WARN_64_TO_32_BIT_CONVERSION = YES;
				GCC_WARN_ABOUT_RETURN_TYPE = YES_ERROR;
				GCC_WARN_UNDECLARED_SELECTOR = YES;
				GCC_WARN_UNINITIALIZED_AUTOS = YES_AGGRESSIVE;
				GCC_WARN_UNUSED_FUNCTION = YES;
				GCC_WARN_UNUSED_VARIABLE = YES;
				IPHONEOS_DEPLOYMENT_TARGET = 11.1;
				MTL_ENABLE_DEBUG_INFO = NO;
				SDKROOT = iphoneos;
				SWIFT_OPTIMIZATION_LEVEL = "-Owholemodule";
				VALIDATE_PRODUCT = YES;
			};
			name = Release;
		};
		B156F7E41FB19ED300146007 /* Debug */ = {
			isa = XCBuildConfiguration;
			buildSettings = {
				ASSETCATALOG_COMPILER_APPICON_NAME = AppIcon;
				CODE_SIGN_STYLE = Automatic;
				DEVELOPMENT_TEAM = 28RGLCMMVL;
				INFOPLIST_FILE = FunWithCoreData/Info.plist;
				LD_RUNPATH_SEARCH_PATHS = "$(inherited) @executable_path/Frameworks";
				PRODUCT_BUNDLE_IDENTIFIER = com.kekkoi.FunWithCoreData;
				PRODUCT_NAME = "$(TARGET_NAME)";
				SWIFT_VERSION = 4.0;
				TARGETED_DEVICE_FAMILY = "1,2";
			};
			name = Debug;
		};
		B156F7E51FB19ED300146007 /* Release */ = {
			isa = XCBuildConfiguration;
			buildSettings = {
				ASSETCATALOG_COMPILER_APPICON_NAME = AppIcon;
				CODE_SIGN_STYLE = Automatic;
				DEVELOPMENT_TEAM = 28RGLCMMVL;
				INFOPLIST_FILE = FunWithCoreData/Info.plist;
				LD_RUNPATH_SEARCH_PATHS = "$(inherited) @executable_path/Frameworks";
				PRODUCT_BUNDLE_IDENTIFIER = com.kekkoi.FunWithCoreData;
				PRODUCT_NAME = "$(TARGET_NAME)";
				SWIFT_VERSION = 4.0;
				TARGETED_DEVICE_FAMILY = "1,2";
			};
			name = Release;
		};
/* End XCBuildConfiguration section */

/* Begin XCConfigurationList section */
		B156F7C91FB19ED200146007 /* Build configuration list for PBXProject "FunWithCoreData" */ = {
			isa = XCConfigurationList;
			buildConfigurations = (
				B156F7E11FB19ED300146007 /* Debug */,
				B156F7E21FB19ED300146007 /* Release */,
			);
			defaultConfigurationIsVisible = 0;
			defaultConfigurationName = Release;
		};
		B156F7E31FB19ED300146007 /* Build configuration list for PBXNativeTarget "FunWithCoreData" */ = {
			isa = XCConfigurationList;
			buildConfigurations = (
				B156F7E41FB19ED300146007 /* Debug */,
				B156F7E51FB19ED300146007 /* Release */,
			);
			defaultConfigurationIsVisible = 0;
			defaultConfigurationName = Release;
		};
/* End XCConfigurationList section */

/* Begin XCVersionGroup section */
		B156F7D81FB19ED300146007 /* FunWithCoreData.xcdatamodeld */ = {
			isa = XCVersionGroup;
			children = (
				B156F7D91FB19ED300146007 /* FunWithCoreData.xcdatamodel */,
			);
			currentVersion = B156F7D91FB19ED300146007 /* FunWithCoreData.xcdatamodel */;
			path = FunWithCoreData.xcdatamodeld;
			sourceTree = "<group>";
			versionGroupType = wrapper.xcdatamodel;
		};
/* End XCVersionGroup section */
	};
	rootObject = B156F7C61FB19ED200146007 /* Project object */;
}
